
Microsoft Visual Studio Solution File, Format Version 12.00
# Visual Studio 15
VisualStudioVersion = 15.0.27130.2026
MinimumVisualStudioVersion = 10.0.40219.1
Project("{FAE04EC0-301F-11D3-BF4B-00C04F79EFBC}") = "XamarinFormsSamplesMix.Android", "XamarinFormsSamplesMix\XamarinFormsSamplesMix.Android\XamarinFormsSamplesMix.Android.csproj", "{9162DAF0-FAF6-4200-ABAB-63AE19D275F1}"
EndProject
Project("{FAE04EC0-301F-11D3-BF4B-00C04F79EFBC}") = "XamarinFormsSamplesMix.iOS", "XamarinFormsSamplesMix\XamarinFormsSamplesMix.iOS\XamarinFormsSamplesMix.iOS.csproj", "{ADC7F6A9-E849-4379-91E5-2DD33799AB96}"
EndProject
Project("{FAE04EC0-301F-11D3-BF4B-00C04F79EFBC}") = "XamarinFormsSamplesMix", "XamarinFormsSamplesMix\XamarinFormsSamplesMix\XamarinFormsSamplesMix.csproj", "{93D6D535-8875-4A4B-804E-6DFB8C03E8CA}"
EndProject
Global
	GlobalSection(SolutionConfigurationPlatforms) = preSolution
		Ad-Hoc|Any CPU = Ad-Hoc|Any CPU
		Ad-Hoc|ARM = Ad-Hoc|ARM
		Ad-Hoc|iPhone = Ad-Hoc|iPhone
		Ad-Hoc|iPhoneSimulator = Ad-Hoc|iPhoneSimulator
		Ad-Hoc|x64 = Ad-Hoc|x64
		Ad-Hoc|x86 = Ad-Hoc|x86
		AppStore|Any CPU = AppStore|Any CPU
		AppStore|ARM = AppStore|ARM
		AppStore|iPhone = AppStore|iPhone
		AppStore|iPhoneSimulator = AppStore|iPhoneSimulator
		AppStore|x64 = AppStore|x64
		AppStore|x86 = AppStore|x86
		Debug|Any CPU = Debug|Any CPU
		Debug|ARM = Debug|ARM
		Debug|iPhone = Debug|iPhone
		Debug|iPhoneSimulator = Debug|iPhoneSimulator
		Debug|x64 = Debug|x64
		Debug|x86 = Debug|x86
		Release|Any CPU = Release|Any CPU
		Release|ARM = Release|ARM
		Release|iPhone = Release|iPhone
		Release|iPhoneSimulator = Release|iPhoneSimulator
		Release|x64 = Release|x64
		Release|x86 = Release|x86
	EndGlobalSection
	GlobalSection(ProjectConfigurationPlatforms) = postSolution
		{9162DAF0-FAF6-4200-ABAB-63AE19D275F1}.Ad-Hoc|Any CPU.ActiveCfg = Release|Any CPU
		{9162DAF0-FAF6-4200-ABAB-63AE19D275F1}.Ad-Hoc|Any CPU.Build.0 = Release|Any CPU
		{9162DAF0-FAF6-4200-ABAB-63AE19D275F1}.Ad-Hoc|Any CPU.Deploy.0 = Release|Any CPU
		{9162DAF0-FAF6-4200-ABAB-63AE19D275F1}.Ad-Hoc|ARM.ActiveCfg = Release|Any CPU
		{9162DAF0-FAF6-4200-ABAB-63AE19D275F1}.Ad-Hoc|ARM.Build.0 = Release|Any CPU
		{9162DAF0-FAF6-4200-ABAB-63AE19D275F1}.Ad-Hoc|ARM.Deploy.0 = Release|Any CPU
		{9162DAF0-FAF6-4200-ABAB-63AE19D275F1}.Ad-Hoc|iPhone.ActiveCfg = Release|Any CPU
		{9162DAF0-FAF6-4200-ABAB-63AE19D275F1}.Ad-Hoc|iPhone.Build.0 = Release|Any CPU
		{9162DAF0-FAF6-4200-ABAB-63AE19D275F1}.Ad-Hoc|iPhone.Deploy.0 = Release|Any CPU
		{9162DAF0-FAF6-4200-ABAB-63AE19D275F1}.Ad-Hoc|iPhoneSimulator.ActiveCfg = Release|Any CPU
		{9162DAF0-FAF6-4200-ABAB-63AE19D275F1}.Ad-Hoc|iPhoneSimulator.Build.0 = Release|Any CPU
		{9162DAF0-FAF6-4200-ABAB-63AE19D275F1}.Ad-Hoc|iPhoneSimulator.Deploy.0 = Release|Any CPU
		{9162DAF0-FAF6-4200-ABAB-63AE19D275F1}.Ad-Hoc|x64.ActiveCfg = Release|Any CPU
		{9162DAF0-FAF6-4200-ABAB-63AE19D275F1}.Ad-Hoc|x64.Build.0 = Release|Any CPU
		{9162DAF0-FAF6-4200-ABAB-63AE19D275F1}.Ad-Hoc|x64.Deploy.0 = Release|Any CPU
		{9162DAF0-FAF6-4200-ABAB-63AE19D275F1}.Ad-Hoc|x86.ActiveCfg = Release|Any CPU
		{9162DAF0-FAF6-4200-ABAB-63AE19D275F1}.Ad-Hoc|x86.Build.0 = Release|Any CPU
		{9162DAF0-FAF6-4200-ABAB-63AE19D275F1}.Ad-Hoc|x86.Deploy.0 = Release|Any CPU
		{9162DAF0-FAF6-4200-ABAB-63AE19D275F1}.AppStore|Any CPU.ActiveCfg = Release|Any CPU
		{9162DAF0-FAF6-4200-ABAB-63AE19D275F1}.AppStore|Any CPU.Build.0 = Release|Any CPU
		{9162DAF0-FAF6-4200-ABAB-63AE19D275F1}.AppStore|Any CPU.Deploy.0 = Release|Any CPU
		{9162DAF0-FAF6-4200-ABAB-63AE19D275F1}.AppStore|ARM.ActiveCfg = Release|Any CPU
		{9162DAF0-FAF6-4200-ABAB-63AE19D275F1}.AppStore|ARM.Build.0 = Release|Any CPU
		{9162DAF0-FAF6-4200-ABAB-63AE19D275F1}.AppStore|ARM.Deploy.0 = Release|Any CPU
		{9162DAF0-FAF6-4200-ABAB-63AE19D275F1}.AppStore|iPhone.ActiveCfg = Release|Any CPU
		{9162DAF0-FAF6-4200-ABAB-63AE19D275F1}.AppStore|iPhone.Build.0 = Release|Any CPU
		{9162DAF0-FAF6-4200-ABAB-63AE19D275F1}.AppStore|iPhone.Deploy.0 = Release|Any CPU
		{9162DAF0-FAF6-4200-ABAB-63AE19D275F1}.AppStore|iPhoneSimulator.ActiveCfg = Release|Any CPU
		{9162DAF0-FAF6-4200-ABAB-63AE19D275F1}.AppStore|iPhoneSimulator.Build.0 = Release|Any CPU
		{9162DAF0-FAF6-4200-ABAB-63AE19D275F1}.AppStore|iPhoneSimulator.Deploy.0 = Release|Any CPU
		{9162DAF0-FAF6-4200-ABAB-63AE19D275F1}.AppStore|x64.ActiveCfg = Release|Any CPU
		{9162DAF0-FAF6-4200-ABAB-63AE19D275F1}.AppStore|x64.Build.0 = Release|Any CPU
		{9162DAF0-FAF6-4200-ABAB-63AE19D275F1}.AppStore|x64.Deploy.0 = Release|Any CPU
		{9162DAF0-FAF6-4200-ABAB-63AE19D275F1}.AppStore|x86.ActiveCfg = Release|Any CPU
		{9162DAF0-FAF6-4200-ABAB-63AE19D275F1}.AppStore|x86.Build.0 = Release|Any CPU
		{9162DAF0-FAF6-4200-ABAB-63AE19D275F1}.AppStore|x86.Deploy.0 = Release|Any CPU
		{9162DAF0-FAF6-4200-ABAB-63AE19D275F1}.Debug|Any CPU.ActiveCfg = Debug|Any CPU
		{9162DAF0-FAF6-4200-ABAB-63AE19D275F1}.Debug|Any CPU.Build.0 = Debug|Any CPU
		{9162DAF0-FAF6-4200-ABAB-63AE19D275F1}.Debug|Any CPU.Deploy.0 = Debug|Any CPU
		{9162DAF0-FAF6-4200-ABAB-63AE19D275F1}.Debug|ARM.ActiveCfg = Debug|Any CPU
		{9162DAF0-FAF6-4200-ABAB-63AE19D275F1}.Debug|ARM.Build.0 = Debug|Any CPU
		{9162DAF0-FAF6-4200-ABAB-63AE19D275F1}.Debug|ARM.Deploy.0 = Debug|Any CPU
		{9162DAF0-FAF6-4200-ABAB-63AE19D275F1}.Debug|iPhone.ActiveCfg = Debug|Any CPU
		{9162DAF0-FAF6-4200-ABAB-63AE19D275F1}.Debug|iPhone.Build.0 = Debug|Any CPU
		{9162DAF0-FAF6-4200-ABAB-63AE19D275F1}.Debug|iPhone.Deploy.0 = Debug|Any CPU
		{9162DAF0-FAF6-4200-ABAB-63AE19D275F1}.Debug|iPhoneSimulator.ActiveCfg = Debug|Any CPU
		{9162DAF0-FAF6-4200-ABAB-63AE19D275F1}.Debug|iPhoneSimulator.Build.0 = Debug|Any CPU
		{9162DAF0-FAF6-4200-ABAB-63AE19D275F1}.Debug|iPhoneSimulator.Deploy.0 = Debug|Any CPU
		{9162DAF0-FAF6-4200-ABAB-63AE19D275F1}.Debug|x64.ActiveCfg = Debug|Any CPU
		{9162DAF0-FAF6-4200-ABAB-63AE19D275F1}.Debug|x64.Build.0 = Debug|Any CPU
		{9162DAF0-FAF6-4200-ABAB-63AE19D275F1}.Debug|x64.Deploy.0 = Debug|Any CPU
		{9162DAF0-FAF6-4200-ABAB-63AE19D275F1}.Debug|x86.ActiveCfg = Debug|Any CPU
		{9162DAF0-FAF6-4200-ABAB-63AE19D275F1}.Debug|x86.Build.0 = Debug|Any CPU
		{9162DAF0-FAF6-4200-ABAB-63AE19D275F1}.Debug|x86.Deploy.0 = Debug|Any CPU
		{9162DAF0-FAF6-4200-ABAB-63AE19D275F1}.Release|Any CPU.ActiveCfg = Release|Any CPU
		{9162DAF0-FAF6-4200-ABAB-63AE19D275F1}.Release|Any CPU.Build.0 = Release|Any CPU
		{9162DAF0-FAF6-4200-ABAB-63AE19D275F1}.Release|Any CPU.Deploy.0 = Release|Any CPU
		{9162DAF0-FAF6-4200-ABAB-63AE19D275F1}.Release|ARM.ActiveCfg = Release|Any CPU
		{9162DAF0-FAF6-4200-ABAB-63AE19D275F1}.Release|ARM.Build.0 = Release|Any CPU
		{9162DAF0-FAF6-4200-ABAB-63AE19D275F1}.Release|ARM.Deploy.0 = Release|Any CPU
		{9162DAF0-FAF6-4200-ABAB-63AE19D275F1}.Release|iPhone.ActiveCfg = Release|Any CPU
		{9162DAF0-FAF6-4200-ABAB-63AE19D275F1}.Release|iPhone.Build.0 = Release|Any CPU
		{9162DAF0-FAF6-4200-ABAB-63AE19D275F1}.Release|iPhone.Deploy.0 = Release|Any CPU
		{9162DAF0-FAF6-4200-ABAB-63AE19D275F1}.Release|iPhoneSimulator.ActiveCfg = Release|Any CPU
		{9162DAF0-FAF6-4200-ABAB-63AE19D275F1}.Release|iPhoneSimulator.Build.0 = Release|Any CPU
		{9162DAF0-FAF6-4200-ABAB-63AE19D275F1}.Release|iPhoneSimulator.Deploy.0 = Release|Any CPU
		{9162DAF0-FAF6-4200-ABAB-63AE19D275F1}.Release|x64.ActiveCfg = Release|Any CPU
		{9162DAF0-FAF6-4200-ABAB-63AE19D275F1}.Release|x64.Build.0 = Release|Any CPU
		{9162DAF0-FAF6-4200-ABAB-63AE19D275F1}.Release|x64.Deploy.0 = Release|Any CPU
		{9162DAF0-FAF6-4200-ABAB-63AE19D275F1}.Release|x86.ActiveCfg = Release|Any CPU
		{9162DAF0-FAF6-4200-ABAB-63AE19D275F1}.Release|x86.Build.0 = Release|Any CPU
		{9162DAF0-FAF6-4200-ABAB-63AE19D275F1}.Release|x86.Deploy.0 = Release|Any CPU
		{ADC7F6A9-E849-4379-91E5-2DD33799AB96}.Ad-Hoc|Any CPU.ActiveCfg = Ad-Hoc|iPhone
		{ADC7F6A9-E849-4379-91E5-2DD33799AB96}.Ad-Hoc|ARM.ActiveCfg = Ad-Hoc|iPhone
		{ADC7F6A9-E849-4379-91E5-2DD33799AB96}.Ad-Hoc|iPhone.ActiveCfg = Ad-Hoc|iPhone
		{ADC7F6A9-E849-4379-91E5-2DD33799AB96}.Ad-Hoc|iPhone.Build.0 = Ad-Hoc|iPhone
		{ADC7F6A9-E849-4379-91E5-2DD33799AB96}.Ad-Hoc|iPhoneSimulator.ActiveCfg = Ad-Hoc|iPhoneSimulator
		{ADC7F6A9-E849-4379-91E5-2DD33799AB96}.Ad-Hoc|iPhoneSimulator.Build.0 = Ad-Hoc|iPhoneSimulator
		{ADC7F6A9-E849-4379-91E5-2DD33799AB96}.Ad-Hoc|x64.ActiveCfg = Ad-Hoc|iPhone
		{ADC7F6A9-E849-4379-91E5-2DD33799AB96}.Ad-Hoc|x86.ActiveCfg = Ad-Hoc|iPhone
		{ADC7F6A9-E849-4379-91E5-2DD33799AB96}.AppStore|Any CPU.ActiveCfg = AppStore|iPhone
		{ADC7F6A9-E849-4379-91E5-2DD33799AB96}.AppStore|ARM.ActiveCfg = AppStore|iPhone
		{ADC7F6A9-E849-4379-91E5-2DD33799AB96}.AppStore|iPhone.ActiveCfg = AppStore|iPhone
		{ADC7F6A9-E849-4379-91E5-2DD33799AB96}.AppStore|iPhone.Build.0 = AppStore|iPhone
		{ADC7F6A9-E849-4379-91E5-2DD33799AB96}.AppStore|iPhoneSimulator.ActiveCfg = AppStore|iPhoneSimulator
		{ADC7F6A9-E849-4379-91E5-2DD33799AB96}.AppStore|iPhoneSimulator.Build.0 = AppStore|iPhoneSimulator
		{ADC7F6A9-E849-4379-91E5-2DD33799AB96}.AppStore|x64.ActiveCfg = AppStore|iPhone
		{ADC7F6A9-E849-4379-91E5-2DD33799AB96}.AppStore|x86.ActiveCfg = AppStore|iPhone
		{ADC7F6A9-E849-4379-91E5-2DD33799AB96}.Debug|Any CPU.ActiveCfg = Debug|iPhone
		{ADC7F6A9-E849-4379-91E5-2DD33799AB96}.Debug|ARM.ActiveCfg = Debug|iPhone
		{ADC7F6A9-E849-4379-91E5-2DD33799AB96}.Debug|iPhone.ActiveCfg = Debug|iPhone
		{ADC7F6A9-E849-4379-91E5-2DD33799AB96}.Debug|iPhone.Build.0 = Debug|iPhone
		{ADC7F6A9-E849-4379-91E5-2DD33799AB96}.Debug|iPhoneSimulator.ActiveCfg = Debug|iPhoneSimulator
		{ADC7F6A9-E849-4379-91E5-2DD33799AB96}.Debug|iPhoneSimulator.Build.0 = Debug|iPhoneSimulator
		{ADC7F6A9-E849-4379-91E5-2DD33799AB96}.Debug|x64.ActiveCfg = Debug|iPhone
		{ADC7F6A9-E849-4379-91E5-2DD33799AB96}.Debug|x86.ActiveCfg = Debug|iPhone
		{ADC7F6A9-E849-4379-91E5-2DD33799AB96}.Release|Any CPU.ActiveCfg = Release|iPhone
		{ADC7F6A9-E849-4379-91E5-2DD33799AB96}.Release|ARM.ActiveCfg = Release|iPhone
		{ADC7F6A9-E849-4379-91E5-2DD33799AB96}.Release|iPhone.ActiveCfg = Release|iPhone
		{ADC7F6A9-E849-4379-91E5-2DD33799AB96}.Release|iPhone.Build.0 = Release|iPhone
		{ADC7F6A9-E849-4379-91E5-2DD33799AB96}.Release|iPhoneSimulator.ActiveCfg = Release|iPhoneSimulator
		{ADC7F6A9-E849-4379-91E5-2DD33799AB96}.Release|iPhoneSimulator.Build.0 = Release|iPhoneSimulator
		{ADC7F6A9-E849-4379-91E5-2DD33799AB96}.Release|x64.ActiveCfg = Release|iPhone
		{ADC7F6A9-E849-4379-91E5-2DD33799AB96}.Release|x86.ActiveCfg = Release|iPhone
		{93D6D535-8875-4A4B-804E-6DFB8C03E8CA}.Ad-Hoc|Any CPU.ActiveCfg = Debug|Any CPU
		{93D6D535-8875-4A4B-804E-6DFB8C03E8CA}.Ad-Hoc|Any CPU.Build.0 = Debug|Any CPU
		{93D6D535-8875-4A4B-804E-6DFB8C03E8CA}.Ad-Hoc|ARM.ActiveCfg = Debug|Any CPU
		{93D6D535-8875-4A4B-804E-6DFB8C03E8CA}.Ad-Hoc|ARM.Build.0 = Debug|Any CPU
		{93D6D535-8875-4A4B-804E-6DFB8C03E8CA}.Ad-Hoc|iPhone.ActiveCfg = Debug|Any CPU
		{93D6D535-8875-4A4B-804E-6DFB8C03E8CA}.Ad-Hoc|iPhone.Build.0 = Debug|Any CPU
		{93D6D535-8875-4A4B-804E-6DFB8C03E8CA}.Ad-Hoc|iPhoneSimulator.ActiveCfg = Debug|Any CPU
		{93D6D535-8875-4A4B-804E-6DFB8C03E8CA}.Ad-Hoc|iPhoneSimulator.Build.0 = Debug|Any CPU
		{93D6D535-8875-4A4B-804E-6DFB8C03E8CA}.Ad-Hoc|x64.ActiveCfg = Debug|Any CPU
		{93D6D535-8875-4A4B-804E-6DFB8C03E8CA}.Ad-Hoc|x64.Build.0 = Debug|Any CPU
		{93D6D535-8875-4A4B-804E-6DFB8C03E8CA}.Ad-Hoc|x86.ActiveCfg = Debug|Any CPU
		{93D6D535-8875-4A4B-804E-6DFB8C03E8CA}.Ad-Hoc|x86.Build.0 = Debug|Any CPU
		{93D6D535-8875-4A4B-804E-6DFB8C03E8CA}.AppStore|Any CPU.ActiveCfg = Debug|Any CPU
		{93D6D535-8875-4A4B-804E-6DFB8C03E8CA}.AppStore|Any CPU.Build.0 = Debug|Any CPU
		{93D6D535-8875-4A4B-804E-6DFB8C03E8CA}.AppStore|ARM.ActiveCfg = Debug|Any CPU
		{93D6D535-8875-4A4B-804E-6DFB8C03E8CA}.AppStore|ARM.Build.0 = Debug|Any CPU
		{93D6D535-8875-4A4B-804E-6DFB8C03E8CA}.AppStore|iPhone.ActiveCfg = Debug|Any CPU
		{93D6D535-8875-4A4B-804E-6DFB8C03E8CA}.AppStore|iPhone.Build.0 = Debug|Any CPU
		{93D6D535-8875-4A4B-804E-6DFB8C03E8CA}.AppStore|iPhoneSimulator.ActiveCfg = Debug|Any CPU
		{93D6D535-8875-4A4B-804E-6DFB8C03E8CA}.AppStore|iPhoneSimulator.Build.0 = Debug|Any CPU
		{93D6D535-8875-4A4B-804E-6DFB8C03E8CA}.AppStore|x64.ActiveCfg = Debug|Any CPU
		{93D6D535-8875-4A4B-804E-6DFB8C03E8CA}.AppStore|x64.Build.0 = Debug|Any CPU
		{93D6D535-8875-4A4B-804E-6DFB8C03E8CA}.AppStore|x86.ActiveCfg = Debug|Any CPU
		{93D6D535-8875-4A4B-804E-6DFB8C03E8CA}.AppStore|x86.Build.0 = Debug|Any CPU
		{93D6D535-8875-4A4B-804E-6DFB8C03E8CA}.Debug|Any CPU.ActiveCfg = Debug|Any CPU
		{93D6D535-8875-4A4B-804E-6DFB8C03E8CA}.Debug|Any CPU.Build.0 = Debug|Any CPU
		{93D6D535-8875-4A4B-804E-6DFB8C03E8CA}.Debug|ARM.ActiveCfg = Debug|Any CPU
		{93D6D535-8875-4A4B-804E-6DFB8C03E8CA}.Debug|ARM.Build.0 = Debug|Any CPU
		{93D6D535-8875-4A4B-804E-6DFB8C03E8CA}.Debug|iPhone.ActiveCfg = Debug|Any CPU
		{93D6D535-8875-4A4B-804E-6DFB8C03E8CA}.Debug|iPhone.Build.0 = Debug|Any CPU
		{93D6D535-8875-4A4B-804E-6DFB8C03E8CA}.Debug|iPhoneSimulator.ActiveCfg = Debug|Any CPU
		{93D6D535-8875-4A4B-804E-6DFB8C03E8CA}.Debug|iPhoneSimulator.Build.0 = Debug|Any CPU
		{93D6D535-8875-4A4B-804E-6DFB8C03E8CA}.Debug|x64.ActiveCfg = Debug|Any CPU
		{93D6D535-8875-4A4B-804E-6DFB8C03E8CA}.Debug|x64.Build.0 = Debug|Any CPU
		{93D6D535-8875-4A4B-804E-6DFB8C03E8CA}.Debug|x86.ActiveCfg = Debug|Any CPU
		{93D6D535-8875-4A4B-804E-6DFB8C03E8CA}.Debug|x86.Build.0 = Debug|Any CPU
		{93D6D535-8875-4A4B-804E-6DFB8C03E8CA}.Release|Any CPU.ActiveCfg = Release|Any CPU
		{93D6D535-8875-4A4B-804E-6DFB8C03E8CA}.Release|Any CPU.Build.0 = Release|Any CPU
		{93D6D535-8875-4A4B-804E-6DFB8C03E8CA}.Release|ARM.ActiveCfg = Release|Any CPU
		{93D6D535-8875-4A4B-804E-6DFB8C03E8CA}.Release|ARM.Build.0 = Release|Any CPU
		{93D6D535-8875-4A4B-804E-6DFB8C03E8CA}.Release|iPhone.ActiveCfg = Release|Any CPU
		{93D6D535-8875-4A4B-804E-6DFB8C03E8CA}.Release|iPhone.Build.0 = Release|Any CPU
		{93D6D535-8875-4A4B-804E-6DFB8C03E8CA}.Release|iPhoneSimulator.ActiveCfg = Release|Any CPU
		{93D6D535-8875-4A4B-804E-6DFB8C03E8CA}.Release|iPhoneSimulator.Build.0 = Release|Any CPU
		{93D6D535-8875-4A4B-804E-6DFB8C03E8CA}.Release|x64.ActiveCfg = Release|Any CPU
		{93D6D535-8875-4A4B-804E-6DFB8C03E8CA}.Release|x64.Build.0 = Release|Any CPU
		{93D6D535-8875-4A4B-804E-6DFB8C03E8CA}.Release|x86.ActiveCfg = Release|Any CPU
		{93D6D535-8875-4A4B-804E-6DFB8C03E8CA}.Release|x86.Build.0 = Release|Any CPU
	EndGlobalSection
	GlobalSection(SolutionProperties) = preSolution
		HideSolutionNode = FALSE
	EndGlobalSection
	GlobalSection(ExtensibilityGlobals) = postSolution
		SolutionGuid = {2F8F0E80-C551-4393-8BAC-C24AD12A3D2E}
	EndGlobalSection
EndGlobal
